
Microsoft Visual Studio Solution File, Format Version 12.00
# Visual Studio 2012
Project("{FAE04EC0-301F-11D3-BF4B-00C04F79EFBC}") = "WebTemplatePack", "WebTemplatePack\WebTemplatePack.csproj", "{66E5E42A-2905-4A93-A3F7-FD26DA48A25F}"
EndProject
Project("{2150E333-8FDC-42A3-9474-1A3956D46DE8}") = "Solution Items", "Solution Items", "{08B623FA-FC04-49A5-8BB5-033E05154B7E}"
	ProjectSection(SolutionItems) = preProject
		build.cmd = build.cmd
		build.proj = build.proj
		tools\Install.ps1 = tools\Install.ps1
		LICENSE.md = LICENSE.md
		WebTemplatePack\Build\ligershark.vstemplates.targets = WebTemplatePack\Build\ligershark.vstemplates.targets
		README.md = README.md
		screenshot.png = screenshot.png
		side-waffle.nuspec = side-waffle.nuspec
	EndProjectSection
EndProject
Project("{2150E333-8FDC-42A3-9474-1A3956D46DE8}") = ".nuget", ".nuget", "{CF6C5BE5-C9DB-48B9-897D-C5B0A8F91150}"
	ProjectSection(SolutionItems) = preProject
		.nuget\NuGet.Config = .nuget\NuGet.Config
		.nuget\NuGet.exe = .nuget\NuGet.exe
		.nuget\NuGet.targets = .nuget\NuGet.targets
	EndProjectSection
EndProject
Project("{E24C65DC-7377-472B-9ABA-BC803B73C61A}") = "Website", "http://localhost:20650", "{E176621F-1349-42BD-83A4-2A9AC590F091}"
	ProjectSection(WebsiteProperties) = preProject
		UseIISExpress = "true"
		TargetFrameworkMoniker = ".NETFramework,Version%3Dv4.5"
		Debug.AspNetCompiler.VirtualPath = "/localhost_20650"
		Debug.AspNetCompiler.PhysicalPath = "Website\"
		Debug.AspNetCompiler.TargetPath = "PrecompiledWeb\localhost_20650\"
		Debug.AspNetCompiler.Updateable = "true"
		Debug.AspNetCompiler.ForceOverwrite = "true"
		Debug.AspNetCompiler.FixedNames = "false"
		Debug.AspNetCompiler.Debug = "True"
		Release.AspNetCompiler.VirtualPath = "/localhost_20650"
		Release.AspNetCompiler.PhysicalPath = "Website\"
		Release.AspNetCompiler.TargetPath = "PrecompiledWeb\localhost_20650\"
		Release.AspNetCompiler.Updateable = "true"
		Release.AspNetCompiler.ForceOverwrite = "true"
		Release.AspNetCompiler.FixedNames = "false"
		Release.AspNetCompiler.Debug = "False"
		SlnRelativePath = "Website\"
		DefaultWebSiteLanguage = "Visual C#"
	EndProjectSection
EndProject
Global
	GlobalSection(SolutionConfigurationPlatforms) = preSolution
		Debug|Any CPU = Debug|Any CPU
		Release|Any CPU = Release|Any CPU
	EndGlobalSection
	GlobalSection(ProjectConfigurationPlatforms) = postSolution
		{66E5E42A-2905-4A93-A3F7-FD26DA48A25F}.Debug|Any CPU.ActiveCfg = Debug|Any CPU
		{66E5E42A-2905-4A93-A3F7-FD26DA48A25F}.Debug|Any CPU.Build.0 = Debug|Any CPU
		{66E5E42A-2905-4A93-A3F7-FD26DA48A25F}.Release|Any CPU.ActiveCfg = Release|Any CPU
		{66E5E42A-2905-4A93-A3F7-FD26DA48A25F}.Release|Any CPU.Build.0 = Release|Any CPU
		{E176621F-1349-42BD-83A4-2A9AC590F091}.Debug|Any CPU.ActiveCfg = Debug|Any CPU
		{E176621F-1349-42BD-83A4-2A9AC590F091}.Debug|Any CPU.Build.0 = Debug|Any CPU
		{E176621F-1349-42BD-83A4-2A9AC590F091}.Release|Any CPU.ActiveCfg = Debug|Any CPU
		{E176621F-1349-42BD-83A4-2A9AC590F091}.Release|Any CPU.Build.0 = Debug|Any CPU
	EndGlobalSection
	GlobalSection(SolutionProperties) = preSolution
		HideSolutionNode = FALSE
	EndGlobalSection
EndGlobal
