
Microsoft Visual Studio Solution File, Format Version 12.00
# Visual Studio 2012
Project("{FAE04EC0-301F-11D3-BF4B-00C04F79EFBC}") = "WebTemplatePack", "WebTemplatePack\WebTemplatePack.csproj", "{66E5E42A-2905-4A93-A3F7-FD26DA48A25F}"
EndProject
Project("{2150E333-8FDC-42A3-9474-1A3956D46DE8}") = "Solution Items", "Solution Items", "{08B623FA-FC04-49A5-8BB5-033E05154B7E}"
	ProjectSection(SolutionItems) = preProject
		LICENSE.md = LICENSE.md
		WebTemplatePack\Build\ligershark.vstemplates.targets = WebTemplatePack\Build\ligershark.vstemplates.targets
		README.md = README.md
		screenshot.png = screenshot.png
	EndProjectSection
EndProject
Global
	GlobalSection(SolutionConfigurationPlatforms) = preSolution
		Debug|Any CPU = Debug|Any CPU
		Release|Any CPU = Release|Any CPU
	EndGlobalSection
	GlobalSection(ProjectConfigurationPlatforms) = postSolution
		{66E5E42A-2905-4A93-A3F7-FD26DA48A25F}.Debug|Any CPU.ActiveCfg = Debug|Any CPU
		{66E5E42A-2905-4A93-A3F7-FD26DA48A25F}.Debug|Any CPU.Build.0 = Debug|Any CPU
		{66E5E42A-2905-4A93-A3F7-FD26DA48A25F}.Release|Any CPU.ActiveCfg = Release|Any CPU
		{66E5E42A-2905-4A93-A3F7-FD26DA48A25F}.Release|Any CPU.Build.0 = Release|Any CPU
	EndGlobalSection
	GlobalSection(SolutionProperties) = preSolution
		HideSolutionNode = FALSE
	EndGlobalSection
EndGlobal
