
Microsoft Visual Studio Solution File, Format Version 12.00
# Visual Studio 2013
VisualStudioVersion = 12.0.21005.1
MinimumVisualStudioVersion = 10.0.40219.1
Project("{FAE04EC0-301F-11D3-BF4B-00C04F79EFBC}") = "CustomScaffolderExtension", "CustomScaffolderExtension\CustomScaffolderExtension.csproj", "{D22F0C3E-8D60-408A-98AC-A582A7D8D533}"
EndProject
Project("{FAE04EC0-301F-11D3-BF4B-00C04F79EFBC}") = "CustomScaffolder", "CustomScaffolder\CustomScaffolder.csproj", "{C5F95FF6-87AD-44E6-A182-486E3254255A}"
EndProject
Global
	GlobalSection(SolutionConfigurationPlatforms) = preSolution
		Debug|Any CPU = Debug|Any CPU
		Release|Any CPU = Release|Any CPU
	EndGlobalSection
	GlobalSection(ProjectConfigurationPlatforms) = postSolution
		{D22F0C3E-8D60-408A-98AC-A582A7D8D533}.Debug|Any CPU.ActiveCfg = Debug|Any CPU
		{D22F0C3E-8D60-408A-98AC-A582A7D8D533}.Debug|Any CPU.Build.0 = Debug|Any CPU
		{D22F0C3E-8D60-408A-98AC-A582A7D8D533}.Release|Any CPU.ActiveCfg = Release|Any CPU
		{D22F0C3E-8D60-408A-98AC-A582A7D8D533}.Release|Any CPU.Build.0 = Release|Any CPU
		{C5F95FF6-87AD-44E6-A182-486E3254255A}.Debug|Any CPU.ActiveCfg = Debug|Any CPU
		{C5F95FF6-87AD-44E6-A182-486E3254255A}.Debug|Any CPU.Build.0 = Debug|Any CPU
		{C5F95FF6-87AD-44E6-A182-486E3254255A}.Release|Any CPU.ActiveCfg = Release|Any CPU
		{C5F95FF6-87AD-44E6-A182-486E3254255A}.Release|Any CPU.Build.0 = Release|Any CPU
	EndGlobalSection
	GlobalSection(SolutionProperties) = preSolution
		HideSolutionNode = FALSE
	EndGlobalSection
EndGlobal
